
Microsoft Visual Studio Solution File, Format Version 12.00
# Visual Studio Version 17
VisualStudioVersion = 17.3.32922.545
MinimumVisualStudioVersion = 10.0.40219.1
Project("{FAE04EC0-301F-11D3-BF4B-00C04F79EFBC}") = "Asp.net hw04.10.2022", "Asp.net hw04.10.2022\Asp.net hw04.10.2022.csproj", "{F5360AB4-4C63-4BC8-B64A-B85656CC7D9C}"
EndProject
Global
	GlobalSection(SolutionConfigurationPlatforms) = preSolution
		Debug|Any CPU = Debug|Any CPU
		Release|Any CPU = Release|Any CPU
	EndGlobalSection
	GlobalSection(ProjectConfigurationPlatforms) = postSolution
		{F5360AB4-4C63-4BC8-B64A-B85656CC7D9C}.Debug|Any CPU.ActiveCfg = Debug|Any CPU
		{F5360AB4-4C63-4BC8-B64A-B85656CC7D9C}.Debug|Any CPU.Build.0 = Debug|Any CPU
		{F5360AB4-4C63-4BC8-B64A-B85656CC7D9C}.Release|Any CPU.ActiveCfg = Release|Any CPU
		{F5360AB4-4C63-4BC8-B64A-B85656CC7D9C}.Release|Any CPU.Build.0 = Release|Any CPU
	EndGlobalSection
	GlobalSection(SolutionProperties) = preSolution
		HideSolutionNode = FALSE
	EndGlobalSection
	GlobalSection(ExtensibilityGlobals) = postSolution
		SolutionGuid = {90BBF444-3981-4435-B4F6-93247888C734}
	EndGlobalSection
EndGlobal
